PODS:
  - Bolts (1.7.0):
    - Bolts/AppLinks (= 1.7.0)
    - Bolts/Tasks (= 1.7.0)
  - Bolts/AppLinks (1.7.0):
    - Bolts/Tasks
  - Bolts/Tasks (1.7.0)
  - Cloudinary (1.0.15)
  - FBSDKCoreKit (4.10.1):
    - Bolts (~> 1.5)
  - FBSDKLoginKit (4.10.1):
    - FBSDKCoreKit
  - Firebase (2.5.1)
  - FirebaseUI (0.3.2):
    - Firebase (~> 2.2)
    - FirebaseUI/Auth (= 0.3.2)
    - FirebaseUI/Core (= 0.3.2)
  - FirebaseUI/Auth (0.3.2):
    - Firebase (~> 2.2)
    - FirebaseUI/Facebook
    - FirebaseUI/Google
    - FirebaseUI/Password
    - FirebaseUI/Twitter
  - FirebaseUI/AuthHelper (0.3.2):
    - Firebase (~> 2.2)
  - FirebaseUI/Core (0.3.2):
    - Firebase (~> 2.2)
  - FirebaseUI/Facebook (0.3.2):
    - FBSDKCoreKit
    - FBSDKLoginKit
    - Firebase (~> 2.2)
    - FirebaseUI/AuthHelper
  - FirebaseUI/Google (0.3.2):
    - Firebase (~> 2.2)
    - FirebaseUI/AuthHelper
    - Google/SignIn
  - FirebaseUI/Password (0.3.2):
    - Firebase (~> 2.2)
    - FirebaseUI/AuthHelper
  - FirebaseUI/Twitter (0.3.2):
    - Firebase (~> 2.2)
    - FirebaseUI/AuthHelper
  - Google/Core (2.0.3):
    - GoogleInterchangeUtilities (~> 1.0)
    - GoogleNetworkingUtilities (~> 1.0)
    - GoogleSymbolUtilities (~> 1.0)
    - GoogleUtilities (~> 1.1)
  - Google/SignIn (2.0.3):
    - Google/Core
    - GoogleSignIn (~> 3.0)
  - GoogleAppUtilities (1.1.0):
    - GoogleSymbolUtilities (~> 1.0)
  - GoogleAuthUtilities (2.0.0):
    - GoogleNetworkingUtilities (~> 1.0)
    - GoogleSymbolUtilities (~> 1.0)
  - GoogleInterchangeUtilities (1.2.0):
    - GoogleSymbolUtilities (~> 1.0)
  - GoogleNetworkingUtilities (1.2.0):
    - GoogleSymbolUtilities (~> 1.0)
  - GoogleSignIn (3.0.0):
    - GoogleAppUtilities (~> 1.0)
    - GoogleAuthUtilities (~> 2.0)
    - GoogleNetworkingUtilities (~> 1.0)
    - GoogleUtilities (~> 1.0)
  - GoogleSymbolUtilities (1.1.0)
  - GoogleUtilities (1.2.0):
    - GoogleSymbolUtilities (~> 1.0)

DEPENDENCIES:
  - Cloudinary
  - Firebase (>= 2.5.1)
  - FirebaseUI (~> 0.3)

SPEC CHECKSUMS:
  Bolts: a0058fa3b331c5a1e4402d534f2dae36dbff31e4
  Cloudinary: f80af4565ec08c521d5e58cb56d9fbe1e4595e40
  FBSDKCoreKit: d2aaed5e9ab7d8d6301c533376a1fbff1cf3deb5
  FBSDKLoginKit: 699ff169080e3072de4b9b0faca90bf23dc36deb
  Firebase: 3565ea88b830f28f2c77ecc524622bc71a20d085
  FirebaseUI: 95621dce04f0313495c86e1fba503254e0ec48b1
  Google: 61379f0072bc561a7e174d23a6cbe41bd6d8599c
  GoogleAppUtilities: 974598e8ed618c74ead33541d9caffbc3d144266
  GoogleAuthUtilities: 79e4143c77a08081a480b08df27a066cc8944f43
  GoogleInterchangeUtilities: 427382e42d8a340038bec37c6fdfd316e14b5fa2
  GoogleNetworkingUtilities: ec1e9911aca811eb18b7144394fee6168b607785
  GoogleSignIn: 3d571172b8603be39dcb1705d8217146bb76fe62
  GoogleSymbolUtilities: eb3965ea12710569c7b80db198a39e39b18613f7
  GoogleUtilities: 85f8ad6b251544286a97163133d042ec95f889c5

COCOAPODS: 0.39.0
